
Microsoft Visual Studio Solution File, Format Version 11.00
# Visual Studio 2010
Project("{FAE04EC0-301F-11D3-BF4B-00C04F79EFBC}") = "ListaExtras", "ListaExtras.csproj", "{B9F315AE-47F8-4629-83FC-3B4D70087083}"
EndProject
Project("{FAE04EC0-301F-11D3-BF4B-00C04F79EFBC}") = "Pruebas", "Pruebas\Pruebas.csproj", "{BC64930B-AC9C-4A6C-A27A-546567B9C363}"
EndProject
Project("{FAE04EC0-301F-11D3-BF4B-00C04F79EFBC}") = "Gtk", "Gtk\Gtk.csproj", "{1BA6B24B-5E85-4F6E-9B55-3E80A5EE255E}"
EndProject
Global
	GlobalSection(SolutionConfigurationPlatforms) = preSolution
		Debug|Any CPU = Debug|Any CPU
		Debug|Mixed Platforms = Debug|Mixed Platforms
		Debug|x86 = Debug|x86
		Release|Any CPU = Release|Any CPU
		Release|Mixed Platforms = Release|Mixed Platforms
		Release|x86 = Release|x86
	EndGlobalSection
	GlobalSection(ProjectConfigurationPlatforms) = postSolution
		{1BA6B24B-5E85-4F6E-9B55-3E80A5EE255E}.Debug|Any CPU.ActiveCfg = Debug|Any CPU
		{1BA6B24B-5E85-4F6E-9B55-3E80A5EE255E}.Debug|Any CPU.Build.0 = Debug|Any CPU
		{1BA6B24B-5E85-4F6E-9B55-3E80A5EE255E}.Debug|Mixed Platforms.ActiveCfg = Debug|Any CPU
		{1BA6B24B-5E85-4F6E-9B55-3E80A5EE255E}.Debug|Mixed Platforms.Build.0 = Debug|Any CPU
		{1BA6B24B-5E85-4F6E-9B55-3E80A5EE255E}.Debug|x86.ActiveCfg = Debug|Any CPU
		{1BA6B24B-5E85-4F6E-9B55-3E80A5EE255E}.Debug|x86.Build.0 = Debug|Any CPU
		{1BA6B24B-5E85-4F6E-9B55-3E80A5EE255E}.Release|Any CPU.ActiveCfg = Release|Any CPU
		{1BA6B24B-5E85-4F6E-9B55-3E80A5EE255E}.Release|Any CPU.Build.0 = Release|Any CPU
		{1BA6B24B-5E85-4F6E-9B55-3E80A5EE255E}.Release|Mixed Platforms.ActiveCfg = Release|Any CPU
		{1BA6B24B-5E85-4F6E-9B55-3E80A5EE255E}.Release|Mixed Platforms.Build.0 = Release|Any CPU
		{1BA6B24B-5E85-4F6E-9B55-3E80A5EE255E}.Release|x86.ActiveCfg = Release|Any CPU
		{1BA6B24B-5E85-4F6E-9B55-3E80A5EE255E}.Release|x86.Build.0 = Release|Any CPU
		{B9F315AE-47F8-4629-83FC-3B4D70087083}.Debug|Any CPU.ActiveCfg = Debug|Any CPU
		{B9F315AE-47F8-4629-83FC-3B4D70087083}.Debug|Any CPU.Build.0 = Debug|Any CPU
		{B9F315AE-47F8-4629-83FC-3B4D70087083}.Debug|Mixed Platforms.ActiveCfg = Debug|Any CPU
		{B9F315AE-47F8-4629-83FC-3B4D70087083}.Debug|Mixed Platforms.Build.0 = Debug|Any CPU
		{B9F315AE-47F8-4629-83FC-3B4D70087083}.Debug|x86.ActiveCfg = Debug|Any CPU
		{B9F315AE-47F8-4629-83FC-3B4D70087083}.Debug|x86.Build.0 = Debug|Any CPU
		{B9F315AE-47F8-4629-83FC-3B4D70087083}.Release|Any CPU.ActiveCfg = Release|Any CPU
		{B9F315AE-47F8-4629-83FC-3B4D70087083}.Release|Any CPU.Build.0 = Release|Any CPU
		{B9F315AE-47F8-4629-83FC-3B4D70087083}.Release|Mixed Platforms.ActiveCfg = Release|Any CPU
		{B9F315AE-47F8-4629-83FC-3B4D70087083}.Release|Mixed Platforms.Build.0 = Release|Any CPU
		{B9F315AE-47F8-4629-83FC-3B4D70087083}.Release|x86.ActiveCfg = Release|Any CPU
		{B9F315AE-47F8-4629-83FC-3B4D70087083}.Release|x86.Build.0 = Release|Any CPU
		{BC64930B-AC9C-4A6C-A27A-546567B9C363}.Debug|Any CPU.ActiveCfg = Debug|Any CPU
		{BC64930B-AC9C-4A6C-A27A-546567B9C363}.Debug|Any CPU.Build.0 = Debug|Any CPU
		{BC64930B-AC9C-4A6C-A27A-546567B9C363}.Debug|Mixed Platforms.ActiveCfg = Debug|Any CPU
		{BC64930B-AC9C-4A6C-A27A-546567B9C363}.Debug|Mixed Platforms.Build.0 = Debug|Any CPU
		{BC64930B-AC9C-4A6C-A27A-546567B9C363}.Debug|x86.ActiveCfg = Debug|Any CPU
		{BC64930B-AC9C-4A6C-A27A-546567B9C363}.Debug|x86.Build.0 = Debug|Any CPU
		{BC64930B-AC9C-4A6C-A27A-546567B9C363}.Release|Any CPU.ActiveCfg = Release|Any CPU
		{BC64930B-AC9C-4A6C-A27A-546567B9C363}.Release|Mixed Platforms.ActiveCfg = Release|Any CPU
		{BC64930B-AC9C-4A6C-A27A-546567B9C363}.Release|Mixed Platforms.Build.0 = Release|Any CPU
		{BC64930B-AC9C-4A6C-A27A-546567B9C363}.Release|x86.ActiveCfg = Release|Any CPU
		{BC64930B-AC9C-4A6C-A27A-546567B9C363}.Release|x86.Build.0 = Release|Any CPU
	EndGlobalSection
	GlobalSection(MonoDevelopProperties) = preSolution
		version = 0.3.0.4
	EndGlobalSection
	GlobalSection(TestCaseManagementSettings) = postSolution
		CategoryFile = ListaExtras.vsmdi
	EndGlobalSection
	GlobalSection(SolutionProperties) = preSolution
		HideSolutionNode = FALSE
	EndGlobalSection
EndGlobal
